<?xml version="1.0" encoding="utf-8"?>
<Project ToolsVersion="4.0" xmlns="http://schemas.microsoft.com/developer/msbuild/2003">
  <ItemGroup>
    <Filter Include="3rdparty">
      <UniqueIdentifier>{3E7DA5C5-2A4A-00D1-5363-EE783F8F355F}</UniqueIdentifier>
    </Filter>
    <Filter Include="3rdparty\rapidjson">
      <UniqueIdentifier>{772CDC34-6310-9D8A-CC70-97DDB873870C}</UniqueIdentifier>
    </Filter>
    <Filter Include="3rdparty\rapidjson\include">
      <UniqueIdentifier>{EADAADD4-D6EA-59A5-3FA4-BEC32BD3483E}</UniqueIdentifier>
    </Filter>
    <Filter Include="3rdparty\rapidjson\include\rapidjson">
      <UniqueIdentifier>{239106F6-0F78-C8ED-B8C8-2E0BA48E4154}</UniqueIdentifier>
    </Filter>
    <Filter Include="3rdparty\rapidjson\include\rapidjson\error">
      <UniqueIdentifier>{BC362C9A-A89E-F267-110A-077EFD900954}</UniqueIdentifier>
    </Filter>
    <Filter Include="3rdparty\rapidjson\include\rapidjson\internal">
      <UniqueIdentifier>{CF2AC519-3B9B-C792-04BA-411B70E9FF93}</UniqueIdentifier>
    </Filter>
    <Filter Include="3rdparty\rapidjson\include\rapidjson\msinttypes">
      <UniqueIdentifier>{12BD6F89-7EF8-CF4C-87ED-4CDCF3A7547D}</UniqueIdentifier>
    </Filter>
    <Filter Include="3rdparty\stb">
      <UniqueIdentifier>{96AA99EA-820D-298F-2B93-614517D5F411}</UniqueIdentifier>
    </Filter>
    <Filter Include="src">
      <UniqueIdentifier>{2DAB880B-99B4-887C-2230-9F7C8E38947C}</UniqueIdentifier>
    </Filter>
    <Filter Include="src\Engine">
      <UniqueIdentifier>{12A1320E-FE58-745B-6760-4DB753370F4C}</UniqueIdentifier>
    </Filter>
    <Filter Include="src\Engine\Application">
      <UniqueIdentifier>{D5079803-C101-C155-AA6E-5766960727C2}</UniqueIdentifier>
    </Filter>
    <Filter Include="src\Engine\Compression">
      <UniqueIdentifier>{73829418-5F7C-BD6A-48E9-537B348223D7}</UniqueIdentifier>
    </Filter>
    <Filter Include="src\Engine\Core">
      <UniqueIdentifier>{AA407579-16CC-E23D-1FDD-65328BE73E3E}</UniqueIdentifier>
    </Filter>
    <Filter Include="src\Engine\Core\ConfigValue">
      <UniqueIdentifier>{CCFCDC25-380A-0B0C-C1F0-06F72DFDD6C2}</UniqueIdentifier>
    </Filter>
    <Filter Include="src\Engine\Core\Container">
      <UniqueIdentifier>{FC64D620-6827-0AAB-B1D7-98371DD9E288}</UniqueIdentifier>
    </Filter>
    <Filter Include="src\Engine\Core\FS">
      <UniqueIdentifier>{B249CB24-9E2D-8C7A-078E-86CDF39076FC}</UniqueIdentifier>
    </Filter>
    <Filter Include="src\Engine\Core\Log">
      <UniqueIdentifier>{7B9D34BE-E7FE-11CC-706C-587EDCCC488B}</UniqueIdentifier>
    </Filter>
    <Filter Include="src\Engine\Core\Memory">
      <UniqueIdentifier>{D254B4D9-BE4E-DD2B-A7BB-733C93544398}</UniqueIdentifier>
    </Filter>
    <Filter Include="src\Engine\Core\String">
      <UniqueIdentifier>{F05BC5E8-DC55-EE3A-C5C2-844BB15B54A7}</UniqueIdentifier>
    </Filter>
    <Filter Include="src\Engine\Core\WINDOWS">
      <UniqueIdentifier>{24B86BCE-90EF-B365-99F9-178905B0DA5E}</UniqueIdentifier>
    </Filter>
    <Filter Include="src\Engine\Core\math">
      <UniqueIdentifier>{E32BDA84-CFBA-634E-78D9-7749644774F4}</UniqueIdentifier>
    </Filter>
    <Filter Include="src\Engine\Core\math\vectormath">
      <UniqueIdentifier>{8FAC2369-FB8F-32A9-0493-60E570F5F8F9}</UniqueIdentifier>
    </Filter>
    <Filter Include="src\Engine\Input">
      <UniqueIdentifier>{915689A8-7D4F-A8FA-A681-8D7F92D98706}</UniqueIdentifier>
    </Filter>
    <Filter Include="src\Engine\Physics">
      <UniqueIdentifier>{8496B3FD-707A-7453-D9DA-6EA6C5DD5ED5}</UniqueIdentifier>
    </Filter>
    <Filter Include="src\Engine\Render">
      <UniqueIdentifier>{41570ECE-AD6D-0C64-F6E4-9785623ADDEB}</UniqueIdentifier>
    </Filter>
    <Filter Include="src\Engine\Resource">
      <UniqueIdentifier>{69D77A97-D538-58A5-5EA6-9E57CA068F64}</UniqueIdentifier>
    </Filter>
    <Filter Include="src\Engine\Resource\ShaderLoader">
      <UniqueIdentifier>{8645D889-7296-C3CB-9BFA-B18D87AA5635}</UniqueIdentifier>
    </Filter>
    <Filter Include="src\Engine\Resource\TextureLoader">
      <UniqueIdentifier>{E05FF138-4CCE-46B8-95B7-01B801653C54}</UniqueIdentifier>
    </Filter>
    <Filter Include="src\Engine\Scene">
      <UniqueIdentifier>{AF1338A9-9B0C-57FB-C43E-3C80B0963607}</UniqueIdentifier>
    </Filter>
    <Filter Include="src\Engine\Script">
      <UniqueIdentifier>{169741D0-82AD-3F66-CB24-CB87377A10EE}</UniqueIdentifier>
    </Filter>
    <Filter Include="src\Engine\Sound">
      <UniqueIdentifier>{4AEC3EA9-36E5-5DFB-5F17-43804B6F3D07}</UniqueIdentifier>
    </Filter>
    <Filter Include="src\Engine\Utils">
      <UniqueIdentifier>{F2A765A9-DEA0-84FB-07D3-6980F32A6407}</UniqueIdentifier>
    </Filter>
  </ItemGroup>
  <ItemGroup>
    <ClInclude Include="..\..\3rdparty\rapidjson\include\rapidjson\allocators.h">
      <Filter>3rdparty\rapidjson\include\rapidjson</Filter>
    </ClInclude>
    <ClInclude Include="..\..\3rdparty\rapidjson\include\rapidjson\cursorstreamwrapper.h">
      <Filter>3rdparty\rapidjson\include\rapidjson</Filter>
    </ClInclude>
    <ClInclude Include="..\..\3rdparty\rapidjson\include\rapidjson\document.h">
      <Filter>3rdparty\rapidjson\include\rapidjson</Filter>
    </ClInclude>
    <ClInclude Include="..\..\3rdparty\rapidjson\include\rapidjson\encodedstream.h">
      <Filter>3rdparty\rapidjson\include\rapidjson</Filter>
    </ClInclude>
    <ClInclude Include="..\..\3rdparty\rapidjson\include\rapidjson\encodings.h">
      <Filter>3rdparty\rapidjson\include\rapidjson</Filter>
    </ClInclude>
    <ClInclude Include="..\..\3rdparty\rapidjson\include\rapidjson\error\en.h">
      <Filter>3rdparty\rapidjson\include\rapidjson\error</Filter>
    </ClInclude>
    <ClInclude Include="..\..\3rdparty\rapidjson\include\rapidjson\error\error.h">
      <Filter>3rdparty\rapidjson\include\rapidjson\error</Filter>
    </ClInclude>
    <ClInclude Include="..\..\3rdparty\rapidjson\include\rapidjson\filereadstream.h">
      <Filter>3rdparty\rapidjson\include\rapidjson</Filter>
    </ClInclude>
    <ClInclude Include="..\..\3rdparty\rapidjson\include\rapidjson\filewritestream.h">
      <Filter>3rdparty\rapidjson\include\rapidjson</Filter>
    </ClInclude>
    <ClInclude Include="..\..\3rdparty\rapidjson\include\rapidjson\fwd.h">
      <Filter>3rdparty\rapidjson\include\rapidjson</Filter>
    </ClInclude>
    <ClInclude Include="..\..\3rdparty\rapidjson\include\rapidjson\internal\biginteger.h">
      <Filter>3rdparty\rapidjson\include\rapidjson\internal</Filter>
    </ClInclude>
    <ClInclude Include="..\..\3rdparty\rapidjson\include\rapidjson\internal\diyfp.h">
      <Filter>3rdparty\rapidjson\include\rapidjson\internal</Filter>
    </ClInclude>
    <ClInclude Include="..\..\3rdparty\rapidjson\include\rapidjson\internal\dtoa.h">
      <Filter>3rdparty\rapidjson\include\rapidjson\internal</Filter>
    </ClInclude>
    <ClInclude Include="..\..\3rdparty\rapidjson\include\rapidjson\internal\ieee754.h">
      <Filter>3rdparty\rapidjson\include\rapidjson\internal</Filter>
    </ClInclude>
    <ClInclude Include="..\..\3rdparty\rapidjson\include\rapidjson\internal\itoa.h">
      <Filter>3rdparty\rapidjson\include\rapidjson\internal</Filter>
    </ClInclude>
    <ClInclude Include="..\..\3rdparty\rapidjson\include\rapidjson\internal\meta.h">
      <Filter>3rdparty\rapidjson\include\rapidjson\internal</Filter>
    </ClInclude>
    <ClInclude Include="..\..\3rdparty\rapidjson\include\rapidjson\internal\pow10.h">
      <Filter>3rdparty\rapidjson\include\rapidjson\internal</Filter>
    </ClInclude>
    <ClInclude Include="..\..\3rdparty\rapidjson\include\rapidjson\internal\regex.h">
      <Filter>3rdparty\rapidjson\include\rapidjson\internal</Filter>
    </ClInclude>
    <ClInclude Include="..\..\3rdparty\rapidjson\include\rapidjson\internal\stack.h">
      <Filter>3rdparty\rapidjson\include\rapidjson\internal</Filter>
    </ClInclude>
    <ClInclude Include="..\..\3rdparty\rapidjson\include\rapidjson\internal\strfunc.h">
      <Filter>3rdparty\rapidjson\include\rapidjson\internal</Filter>
    </ClInclude>
    <ClInclude Include="..\..\3rdparty\rapidjson\include\rapidjson\internal\strtod.h">
      <Filter>3rdparty\rapidjson\include\rapidjson\internal</Filter>
    </ClInclude>
    <ClInclude Include="..\..\3rdparty\rapidjson\include\rapidjson\internal\swap.h">
      <Filter>3rdparty\rapidjson\include\rapidjson\internal</Filter>
    </ClInclude>
    <ClInclude Include="..\..\3rdparty\rapidjson\include\rapidjson\istreamwrapper.h">
      <Filter>3rdparty\rapidjson\include\rapidjson</Filter>
    </ClInclude>
    <ClInclude Include="..\..\3rdparty\rapidjson\include\rapidjson\memorybuffer.h">
      <Filter>3rdparty\rapidjson\include\rapidjson</Filter>
    </ClInclude>
    <ClInclude Include="..\..\3rdparty\rapidjson\include\rapidjson\memorystream.h">
      <Filter>3rdparty\rapidjson\include\rapidjson</Filter>
    </ClInclude>
    <ClInclude Include="..\..\3rdparty\rapidjson\include\rapidjson\msinttypes\inttypes.h">
      <Filter>3rdparty\rapidjson\include\rapidjson\msinttypes</Filter>
    </ClInclude>
    <ClInclude Include="..\..\3rdparty\rapidjson\include\rapidjson\msinttypes\stdint.h">
      <Filter>3rdparty\rapidjson\include\rapidjson\msinttypes</Filter>
    </ClInclude>
    <ClInclude Include="..\..\3rdparty\rapidjson\include\rapidjson\ostreamwrapper.h">
      <Filter>3rdparty\rapidjson\include\rapidjson</Filter>
    </ClInclude>
    <ClInclude Include="..\..\3rdparty\rapidjson\include\rapidjson\pointer.h">
      <Filter>3rdparty\rapidjson\include\rapidjson</Filter>
    </ClInclude>
    <ClInclude Include="..\..\3rdparty\rapidjson\include\rapidjson\prettywriter.h">
      <Filter>3rdparty\rapidjson\include\rapidjson</Filter>
    </ClInclude>
    <ClInclude Include="..\..\3rdparty\rapidjson\include\rapidjson\rapidjson.h">
      <Filter>3rdparty\rapidjson\include\rapidjson</Filter>
    </ClInclude>
    <ClInclude Include="..\..\3rdparty\rapidjson\include\rapidjson\reader.h">
      <Filter>3rdparty\rapidjson\include\rapidjson</Filter>
    </ClInclude>
    <ClInclude Include="..\..\3rdparty\rapidjson\include\rapidjson\schema.h">
      <Filter>3rdparty\rapidjson\include\rapidjson</Filter>
    </ClInclude>
    <ClInclude Include="..\..\3rdparty\rapidjson\include\rapidjson\stream.h">
      <Filter>3rdparty\rapidjson\include\rapidjson</Filter>
    </ClInclude>
    <ClInclude Include="..\..\3rdparty\rapidjson\include\rapidjson\stringbuffer.h">
      <Filter>3rdparty\rapidjson\include\rapidjson</Filter>
    </ClInclude>
    <ClInclude Include="..\..\3rdparty\rapidjson\include\rapidjson\writer.h">
      <Filter>3rdparty\rapidjson\include\rapidjson</Filter>
    </ClInclude>
    <ClInclude Include="..\..\3rdparty\stb\stb_image.h">
      <Filter>3rdparty\stb</Filter>
    </ClInclude>
    <ClInclude Include="..\..\src\Engine\Application\Application.h">
      <Filter>src\Engine\Application</Filter>
    </ClInclude>
    <ClInclude Include="..\..\src\Engine\Application\CoreAppEvent.h">
      <Filter>src\Engine\Application</Filter>
    </ClInclude>
    <ClInclude Include="..\..\src\Engine\Application\EAppEventType.h">
      <Filter>src\Engine\Application</Filter>
    </ClInclude>
    <ClInclude Include="..\..\src\Engine\Application\OSWindow.h">
      <Filter>src\Engine\Application</Filter>
    </ClInclude>
    <ClInclude Include="..\..\src\Engine\Application\OSWindowCreationParams.h">
      <Filter>src\Engine\Application</Filter>
    </ClInclude>
    <ClInclude Include="..\..\src\Engine\Compression\Compression.h">
      <Filter>src\Engine\Compression</Filter>
    </ClInclude>
    <ClInclude Include="..\..\src\Engine\Compression\CompressionManager.h">
      <Filter>src\Engine\Compression</Filter>
    </ClInclude>
    <ClInclude Include="..\..\src\Engine\Compression\FileSourceZip.h">
      <Filter>src\Engine\Compression</Filter>
    </ClInclude>
    <ClInclude Include="..\..\src\Engine\Core\Component.h">
      <Filter>src\Engine\Core</Filter>
    </ClInclude>
    <ClInclude Include="..\..\src\Engine\Core\ConfigValue\ConfigValueFloat.h">
      <Filter>src\Engine\Core\ConfigValue</Filter>
    </ClInclude>
    <ClInclude Include="..\..\src\Engine\Core\ConfigValue\ConfigValueInt.h">
      <Filter>src\Engine\Core\ConfigValue</Filter>
    </ClInclude>
    <ClInclude Include="..\..\src\Engine\Core\ConfigValue\IConfigValue.h">
      <Filter>src\Engine\Core\ConfigValue</Filter>
    </ClInclude>
    <ClInclude Include="..\..\src\Engine\Core\Container\Array.h">
      <Filter>src\Engine\Core\Container</Filter>
    </ClInclude>
    <ClInclude Include="..\..\src\Engine\Core\Container\FreeList.h">
      <Filter>src\Engine\Core\Container</Filter>
    </ClInclude>
    <ClInclude Include="..\..\src\Engine\Core\Container\LockFreeRingBuffer.h">
      <Filter>src\Engine\Core\Container</Filter>
    </ClInclude>
    <ClInclude Include="..\..\src\Engine\Core\FS\FilePtr_fwd.h">
      <Filter>src\Engine\Core\FS</Filter>
    </ClInclude>
    <ClInclude Include="..\..\src\Engine\Core\FS\FileSystem.h">
      <Filter>src\Engine\Core\FS</Filter>
    </ClInclude>
    <ClInclude Include="..\..\src\Engine\Core\FS\FileSystemWatcher.h">
      <Filter>src\Engine\Core\FS</Filter>
    </ClInclude>
    <ClInclude Include="..\..\src\Engine\Core\FS\IFileSource.h">
      <Filter>src\Engine\Core\FS</Filter>
    </ClInclude>
    <ClInclude Include="..\..\src\Engine\Core\FS\IReadFile.h">
      <Filter>src\Engine\Core\FS</Filter>
    </ClInclude>
    <ClInclude Include="..\..\src\Engine\Core\FS\IWriteFile.h">
      <Filter>src\Engine\Core\FS</Filter>
    </ClInclude>
    <ClInclude Include="..\..\src\Engine\Core\FS\MemoryFile.h">
      <Filter>src\Engine\Core\FS</Filter>
    </ClInclude>
    <ClInclude Include="..\..\src\Engine\Core\Factory.h">
      <Filter>src\Engine\Core</Filter>
    </ClInclude>
    <ClInclude Include="..\..\src\Engine\Core\HashedString.h">
      <Filter>src\Engine\Core</Filter>
    </ClInclude>
    <ClInclude Include="..\..\src\Engine\Core\HashedStringMap.h">
      <Filter>src\Engine\Core</Filter>
    </ClInclude>
    <ClInclude Include="..\..\src\Engine\Core\Log\Log.h">
      <Filter>src\Engine\Core\Log</Filter>
    </ClInclude>
    <ClInclude Include="..\..\src\Engine\Core\Log\Logger.h">
      <Filter>src\Engine\Core\Log</Filter>
    </ClInclude>
    <ClInclude Include="..\..\src\Engine\Core\Log\LoggerPolicies.h">
      <Filter>src\Engine\Core\Log</Filter>
    </ClInclude>
    <ClInclude Include="..\..\src\Engine\Core\Memory\Allocator.h">
      <Filter>src\Engine\Core\Memory</Filter>
    </ClInclude>
    <ClInclude Include="..\..\src\Engine\Core\Memory\LinearAllocator.h">
      <Filter>src\Engine\Core\Memory</Filter>
    </ClInclude>
    <ClInclude Include="..\..\src\Engine\Core\Memory\MemorySystem.h">
      <Filter>src\Engine\Core\Memory</Filter>
    </ClInclude>
    <ClInclude Include="..\..\src\Engine\Core\Memory\PoolAllocator.h">
      <Filter>src\Engine\Core\Memory</Filter>
    </ClInclude>
    <ClInclude Include="..\..\src\Engine\Core\Memory\StackAllocator.h">
      <Filter>src\Engine\Core\Memory</Filter>
    </ClInclude>
    <ClInclude Include="..\..\src\Engine\Core\Memory\StdAllocatorWrapper.h">
      <Filter>src\Engine\Core\Memory</Filter>
    </ClInclude>
    <ClInclude Include="..\..\src\Engine\Core\Memory\SystemAllocator.h">
      <Filter>src\Engine\Core\Memory</Filter>
    </ClInclude>
    <ClInclude Include="..\..\src\Engine\Core\MemoryBuffer.h">
      <Filter>src\Engine\Core</Filter>
    </ClInclude>
    <ClInclude Include="..\..\src\Engine\Core\Object.h">
      <Filter>src\Engine\Core</Filter>
    </ClInclude>
    <ClInclude Include="..\..\src\Engine\Core\String\DynamicString.h">
      <Filter>src\Engine\Core\String</Filter>
    </ClInclude>
    <ClInclude Include="..\..\src\Engine\Core\String\StackString.h">
      <Filter>src\Engine\Core\String</Filter>
    </ClInclude>
    <ClInclude Include="..\..\src\Engine\Core\String\String.h">
      <Filter>src\Engine\Core\String</Filter>
    </ClInclude>
    <ClInclude Include="..\..\src\Engine\Core\String\WritableString.h">
      <Filter>src\Engine\Core\String</Filter>
    </ClInclude>
    <ClInclude Include="..\..\src\Engine\Core\Time.h">
      <Filter>src\Engine\Core</Filter>
    </ClInclude>
    <ClInclude Include="..\..\src\Engine\Core\Timer.h">
      <Filter>src\Engine\Core</Filter>
    </ClInclude>
    <ClInclude Include="..\..\src\Engine\Core\WINDOWS\os.h">
      <Filter>src\Engine\Core\WINDOWS</Filter>
    </ClInclude>
    <ClInclude Include="..\..\src\Engine\Core\assert.h">
      <Filter>src\Engine\Core</Filter>
    </ClInclude>
    <ClInclude Include="..\..\src\Engine\Core\math\AABB.h">
      <Filter>src\Engine\Core\math</Filter>
    </ClInclude>
    <ClInclude Include="..\..\src\Engine\Core\math\Matrix3.h">
      <Filter>src\Engine\Core\math</Filter>
    </ClInclude>
    <ClInclude Include="..\..\src\Engine\Core\math\Matrix4.h">
      <Filter>src\Engine\Core\math</Filter>
    </ClInclude>
    <ClInclude Include="..\..\src\Engine\Core\math\Quat.h">
      <Filter>src\Engine\Core\math</Filter>
    </ClInclude>
    <ClInclude Include="..\..\src\Engine\Core\math\Rand.h">
      <Filter>src\Engine\Core\math</Filter>
    </ClInclude>
    <ClInclude Include="..\..\src\Engine\Core\math\Transform.h">
      <Filter>src\Engine\Core\math</Filter>
    </ClInclude>
    <ClInclude Include="..\..\src\Engine\Core\math\Vector2.h">
      <Filter>src\Engine\Core\math</Filter>
    </ClInclude>
    <ClInclude Include="..\..\src\Engine\Core\math\Vector3.h">
      <Filter>src\Engine\Core\math</Filter>
    </ClInclude>
    <ClInclude Include="..\..\src\Engine\Core\math\Vector4.h">
      <Filter>src\Engine\Core\math</Filter>
    </ClInclude>
    <ClInclude Include="..\..\src\Engine\Core\math\math.h">
      <Filter>src\Engine\Core\math</Filter>
    </ClInclude>
    <ClInclude Include="..\..\src\Engine\Core\math\vectormath\vectormath.h">
      <Filter>src\Engine\Core\math\vectormath</Filter>
    </ClInclude>
    <ClInclude Include="..\..\src\Engine\Core\math\vectormath\vectormath_NEON.h">
      <Filter>src\Engine\Core\math\vectormath</Filter>
    </ClInclude>
    <ClInclude Include="..\..\src\Engine\Core\math\vectormath\vectormath_SSE.h">
      <Filter>src\Engine\Core\math\vectormath</Filter>
    </ClInclude>
    <ClInclude Include="..\..\src\Engine\Core\math\vectormath\vectormath_scalar.h">
      <Filter>src\Engine\Core\math\vectormath</Filter>
    </ClInclude>
    <ClInclude Include="..\..\src\Engine\Core\platform.h">
      <Filter>src\Engine\Core</Filter>
    </ClInclude>
    <ClInclude Include="..\..\src\Engine\Input\GameController.h">
      <Filter>src\Engine\Input</Filter>
    </ClInclude>
    <ClInclude Include="..\..\src\Engine\Input\Input.h">
      <Filter>src\Engine\Input</Filter>
    </ClInclude>
    <ClInclude Include="..\..\src\Engine\Input\InputDevice.h">
      <Filter>src\Engine\Input</Filter>
    </ClInclude>
    <ClInclude Include="..\..\src\Engine\Input\InputMapping.h">
      <Filter>src\Engine\Input</Filter>
    </ClInclude>
    <ClInclude Include="..\..\src\Engine\Input\Keyboard.h">
      <Filter>src\Engine\Input</Filter>
    </ClInclude>
    <ClInclude Include="..\..\src\Engine\Input\Mouse.h">
      <Filter>src\Engine\Input</Filter>
    </ClInclude>
    <ClInclude Include="..\..\src\Engine\Input\keyCodes.h">
      <Filter>src\Engine\Input</Filter>
    </ClInclude>
    <ClInclude Include="..\..\src\Engine\Modules.h">
      <Filter>src\Engine</Filter>
    </ClInclude>
    <ClInclude Include="..\..\src\Engine\Physics\ColliderShape.h">
      <Filter>src\Engine\Physics</Filter>
    </ClInclude>
    <ClInclude Include="..\..\src\Engine\Physics\Collision.h">
      <Filter>src\Engine\Physics</Filter>
    </ClInclude>
    <ClInclude Include="..\..\src\Engine\Physics\Physics.h">
      <Filter>src\Engine\Physics</Filter>
    </ClInclude>
    <ClInclude Include="..\..\src\Engine\Physics\PhysicsComponent.h">
      <Filter>src\Engine\Physics</Filter>
    </ClInclude>
    <ClInclude Include="..\..\src\Engine\Physics\PhysicsMaterial.h">
      <Filter>src\Engine\Physics</Filter>
    </ClInclude>
    <ClInclude Include="..\..\src\Engine\Render\Camera.h">
      <Filter>src\Engine\Render</Filter>
    </ClInclude>
    <ClInclude Include="..\..\src\Engine\Render\DebugDraw.h">
      <Filter>src\Engine\Render</Filter>
    </ClInclude>
    <ClInclude Include="..\..\src\Engine\Render\Material.h">
      <Filter>src\Engine\Render</Filter>
    </ClInclude>
    <ClInclude Include="..\..\src\Engine\Render\Render.h">
      <Filter>src\Engine\Render</Filter>
    </ClInclude>
    <ClInclude Include="..\..\src\Engine\Render\RenderComponent.h">
      <Filter>src\Engine\Render</Filter>
    </ClInclude>
    <ClInclude Include="..\..\src\Engine\Render\RenderTarget.h">
      <Filter>src\Engine\Render</Filter>
    </ClInclude>
    <ClInclude Include="..\..\src\Engine\Render\View.h">
      <Filter>src\Engine\Render</Filter>
    </ClInclude>
    <ClInclude Include="..\..\src\Engine\Resource\Mesh.h">
      <Filter>src\Engine\Resource</Filter>
    </ClInclude>
    <ClInclude Include="..\..\src\Engine\Resource\ResourceManager.h">
      <Filter>src\Engine\Resource</Filter>
    </ClInclude>
    <ClInclude Include="..\..\src\Engine\Resource\Shader.h">
      <Filter>src\Engine\Resource</Filter>
    </ClInclude>
    <ClInclude Include="..\..\src\Engine\Resource\ShaderLoader\FileShaderLoader.h">
      <Filter>src\Engine\Resource\ShaderLoader</Filter>
    </ClInclude>
    <ClInclude Include="..\..\src\Engine\Resource\Texture.h">
      <Filter>src\Engine\Resource</Filter>
    </ClInclude>
    <ClInclude Include="..\..\src\Engine\Resource\TextureLoader\StbImageLoader.h">
      <Filter>src\Engine\Resource\TextureLoader</Filter>
    </ClInclude>
    <ClInclude Include="..\..\src\Engine\Resource\TextureLoader\TgaLoader.h">
      <Filter>src\Engine\Resource\TextureLoader</Filter>
    </ClInclude>
    <ClInclude Include="..\..\src\Engine\Scene\ISceneManager.h">
      <Filter>src\Engine\Scene</Filter>
    </ClInclude>
    <ClInclude Include="..\..\src\Engine\Scene\QuadTreeLeaf.h">
      <Filter>src\Engine\Scene</Filter>
    </ClInclude>
    <ClInclude Include="..\..\src\Engine\Scene\QuadTreeSceneManager.h">
      <Filter>src\Engine\Scene</Filter>
    </ClInclude>
    <ClInclude Include="..\..\src\Engine\Scene\SceneGraphTraversal.h">
      <Filter>src\Engine\Scene</Filter>
    </ClInclude>
    <ClInclude Include="..\..\src\Engine\Script\IScript.h">
      <Filter>src\Engine\Script</Filter>
    </ClInclude>
    <ClInclude Include="..\..\src\Engine\Script\NativeScriptComponent.h">
      <Filter>src\Engine\Script</Filter>
    </ClInclude>
    <ClInclude Include="..\..\src\Engine\Script\ScriptComponent.h">
      <Filter>src\Engine\Script</Filter>
    </ClInclude>
    <ClInclude Include="..\..\src\Engine\Script\ScriptSystem.h">
      <Filter>src\Engine\Script</Filter>
    </ClInclude>
    <ClInclude Include="..\..\src\Engine\Sound\SoundSystem.h">
      <Filter>src\Engine\Sound</Filter>
    </ClInclude>
    <ClInclude Include="..\..\src\Engine\Utils\Enumerator.h">
      <Filter>src\Engine\Utils</Filter>
    </ClInclude>
    <ClInclude Include="..\..\src\Engine\Utils\GuardedCallbackFactory.h">
      <Filter>src\Engine\Utils</Filter>
    </ClInclude>
    <ClInclude Include="..\..\src\Engine\Utils\JsonDataTranslator.h">
      <Filter>src\Engine\Utils</Filter>
    </ClInclude>
    <ClInclude Include="..\..\src\Engine\Utils\StrUtils.h">
      <Filter>src\Engine\Utils</Filter>
    </ClInclude>
    <ClInclude Include="..\..\src\Engine\Utils\TaskManager.h">
      <Filter>src\Engine\Utils</Filter>
    </ClInclude>
    <ClInclude Include="..\..\src\Engine\Utils\stl_utils.h">
      <Filter>src\Engine\Utils</Filter>
    </ClInclude>
    <ClInclude Include="..\..\src\Engine\stdafx.h">
      <Filter>src\Engine</Filter>
    </ClInclude>
  </ItemGroup>
  <ItemGroup>
    <ClCompile Include="..\..\src\Engine\Application\Application.cpp">
      <Filter>src\Engine\Application</Filter>
    </ClCompile>
    <ClCompile Include="..\..\src\Engine\Application\OSWindow.cpp">
      <Filter>src\Engine\Application</Filter>
    </ClCompile>
    <ClCompile Include="..\..\src\Engine\Application\OSWindow_android.cpp">
      <Filter>src\Engine\Application</Filter>
    </ClCompile>
    <ClCompile Include="..\..\src\Engine\Application\OSWindow_linux.cpp">
      <Filter>src\Engine\Application</Filter>
    </ClCompile>
    <ClCompile Include="..\..\src\Engine\Application\OSWindow_osx.mm">
      <Filter>src\Engine\Application</Filter>
    </ClCompile>
    <ClCompile Include="..\..\src\Engine\Application\OSWindow_windows.cpp">
      <Filter>src\Engine\Application</Filter>
    </ClCompile>
    <ClCompile Include="..\..\src\Engine\Application\main_android.cpp">
      <Filter>src\Engine\Application</Filter>
    </ClCompile>
    <ClCompile Include="..\..\src\Engine\Application\main_ios.mm">
      <Filter>src\Engine\Application</Filter>
    </ClCompile>
    <ClCompile Include="..\..\src\Engine\Application\main_windows.cpp">
      <Filter>src\Engine\Application</Filter>
    </ClCompile>
    <ClCompile Include="..\..\src\Engine\Compression\Compression.cpp">
      <Filter>src\Engine\Compression</Filter>
    </ClCompile>
    <ClCompile Include="..\..\src\Engine\Compression\CompressionManager.cpp">
      <Filter>src\Engine\Compression</Filter>
    </ClCompile>
    <ClCompile Include="..\..\src\Engine\Compression\FileSourceZip.cpp">
      <Filter>src\Engine\Compression</Filter>
    </ClCompile>
    <ClCompile Include="..\..\src\Engine\Core\Component.cpp">
      <Filter>src\Engine\Core</Filter>
    </ClCompile>
    <ClCompile Include="..\..\src\Engine\Core\ConfigValue\ConfigValueFloat.cpp">
      <Filter>src\Engine\Core\ConfigValue</Filter>
    </ClCompile>
    <ClCompile Include="..\..\src\Engine\Core\ConfigValue\ConfigValueInt.cpp">
      <Filter>src\Engine\Core\ConfigValue</Filter>
    </ClCompile>
    <ClCompile Include="..\..\src\Engine\Core\ConfigValue\IConfigValue.cpp">
      <Filter>src\Engine\Core\ConfigValue</Filter>
    </ClCompile>
    <ClCompile Include="..\..\src\Engine\Core\Container\FreeList.cpp">
      <Filter>src\Engine\Core\Container</Filter>
    </ClCompile>
    <ClCompile Include="..\..\src\Engine\Core\FS\FileSystem.cpp">
      <Filter>src\Engine\Core\FS</Filter>
    </ClCompile>
    <ClCompile Include="..\..\src\Engine\Core\FS\FileSystemWatcher_linux.cpp">
      <Filter>src\Engine\Core\FS</Filter>
    </ClCompile>
    <ClCompile Include="..\..\src\Engine\Core\FS\FileSystemWatcher_osx.cpp">
      <Filter>src\Engine\Core\FS</Filter>
    </ClCompile>
    <ClCompile Include="..\..\src\Engine\Core\FS\FileSystemWatcher_windows.cpp">
      <Filter>src\Engine\Core\FS</Filter>
    </ClCompile>
    <ClCompile Include="..\..\src\Engine\Core\FS\FileSystem_linux.cpp">
      <Filter>src\Engine\Core\FS</Filter>
    </ClCompile>
    <ClCompile Include="..\..\src\Engine\Core\FS\FileSystem_windows.cpp">
      <Filter>src\Engine\Core\FS</Filter>
    </ClCompile>
    <ClCompile Include="..\..\src\Engine\Core\FS\IReadFile.cpp">
      <Filter>src\Engine\Core\FS</Filter>
    </ClCompile>
    <ClCompile Include="..\..\src\Engine\Core\FS\IWriteFile.cpp">
      <Filter>src\Engine\Core\FS</Filter>
    </ClCompile>
    <ClCompile Include="..\..\src\Engine\Core\FS\MemoryFile.cpp">
      <Filter>src\Engine\Core\FS</Filter>
    </ClCompile>
    <ClCompile Include="..\..\src\Engine\Core\Log\Log.cpp">
      <Filter>src\Engine\Core\Log</Filter>
    </ClCompile>
    <ClCompile Include="..\..\src\Engine\Core\Log\LoggerPolicies.cpp">
      <Filter>src\Engine\Core\Log</Filter>
    </ClCompile>
    <ClCompile Include="..\..\src\Engine\Core\Log\LoggerPolicies_android.cpp">
      <Filter>src\Engine\Core\Log</Filter>
    </ClCompile>
    <ClCompile Include="..\..\src\Engine\Core\Log\LoggerPolicies_ios.mm">
      <Filter>src\Engine\Core\Log</Filter>
    </ClCompile>
    <ClCompile Include="..\..\src\Engine\Core\Log\LoggerPolicies_windows.cpp">
      <Filter>src\Engine\Core\Log</Filter>
    </ClCompile>
    <ClCompile Include="..\..\src\Engine\Core\Memory\Allocator.cpp">
      <Filter>src\Engine\Core\Memory</Filter>
    </ClCompile>
    <ClCompile Include="..\..\src\Engine\Core\Memory\LinearAllocator.cpp">
      <Filter>src\Engine\Core\Memory</Filter>
    </ClCompile>
    <ClCompile Include="..\..\src\Engine\Core\Memory\MemorySystem.cpp">
      <Filter>src\Engine\Core\Memory</Filter>
    </ClCompile>
    <ClCompile Include="..\..\src\Engine\Core\Memory\MemorySystem_osx.cpp">
      <Filter>src\Engine\Core\Memory</Filter>
    </ClCompile>
    <ClCompile Include="..\..\src\Engine\Core\Memory\MemorySystem_windows.cpp">
      <Filter>src\Engine\Core\Memory</Filter>
    </ClCompile>
    <ClCompile Include="..\..\src\Engine\Core\Memory\SystemAllocator.cpp">
      <Filter>src\Engine\Core\Memory</Filter>
    </ClCompile>
    <ClCompile Include="..\..\src\Engine\Core\MemoryBuffer.cpp">
      <Filter>src\Engine\Core</Filter>
    </ClCompile>
    <ClCompile Include="..\..\src\Engine\Core\Object.cpp">
      <Filter>src\Engine\Core</Filter>
    </ClCompile>
    <ClCompile Include="..\..\src\Engine\Core\String\DynamicString.cpp">
      <Filter>src\Engine\Core\String</Filter>
    </ClCompile>
    <ClCompile Include="..\..\src\Engine\Core\String\String.cpp">
      <Filter>src\Engine\Core\String</Filter>
    </ClCompile>
    <ClCompile Include="..\..\src\Engine\Core\String\WritableString.cpp">
      <Filter>src\Engine\Core\String</Filter>
    </ClCompile>
    <ClCompile Include="..\..\src\Engine\Core\Time.cpp">
      <Filter>src\Engine\Core</Filter>
    </ClCompile>
    <ClCompile Include="..\..\src\Engine\Core\Time_ios.cpp">
      <Filter>src\Engine\Core</Filter>
    </ClCompile>
    <ClCompile Include="..\..\src\Engine\Core\Time_linux.cpp">
      <Filter>src\Engine\Core</Filter>
    </ClCompile>
    <ClCompile Include="..\..\src\Engine\Core\Time_windows.cpp">
      <Filter>src\Engine\Core</Filter>
    </ClCompile>
    <ClCompile Include="..\..\src\Engine\Core\Timer.cpp">
      <Filter>src\Engine\Core</Filter>
    </ClCompile>
    <ClCompile Include="..\..\src\Engine\Core\math\AABB.cpp">
      <Filter>src\Engine\Core\math</Filter>
    </ClCompile>
    <ClCompile Include="..\..\src\Engine\Core\math\Rand.cpp">
      <Filter>src\Engine\Core\math</Filter>
    </ClCompile>
    <ClCompile Include="..\..\src\Engine\Core\math\Transform.cpp">
      <Filter>src\Engine\Core\math</Filter>
    </ClCompile>
    <ClCompile Include="..\..\src\Engine\Core\math\math.cpp">
      <Filter>src\Engine\Core\math</Filter>
    </ClCompile>
    <ClCompile Include="..\..\src\Engine\Input\GameController.cpp">
      <Filter>src\Engine\Input</Filter>
    </ClCompile>
    <ClCompile Include="..\..\src\Engine\Input\Input.cpp">
      <Filter>src\Engine\Input</Filter>
    </ClCompile>
    <ClCompile Include="..\..\src\Engine\Input\InputDevice.cpp">
      <Filter>src\Engine\Input</Filter>
    </ClCompile>
    <ClCompile Include="..\..\src\Engine\Input\InputMapping.cpp">
      <Filter>src\Engine\Input</Filter>
    </ClCompile>
    <ClCompile Include="..\..\src\Engine\Input\Input_android.cpp">
      <Filter>src\Engine\Input</Filter>
    </ClCompile>
    <ClCompile Include="..\..\src\Engine\Input\Input_ios.mm">
      <Filter>src\Engine\Input</Filter>
    </ClCompile>
    <ClCompile Include="..\..\src\Engine\Input\Input_linux.cpp">
      <Filter>src\Engine\Input</Filter>
    </ClCompile>
    <ClCompile Include="..\..\src\Engine\Input\Input_osx.cpp">
      <Filter>src\Engine\Input</Filter>
    </ClCompile>
    <ClCompile Include="..\..\src\Engine\Input\Input_windows.cpp">
      <Filter>src\Engine\Input</Filter>
    </ClCompile>
    <ClCompile Include="..\..\src\Engine\Input\Keyboard.cpp">
      <Filter>src\Engine\Input</Filter>
    </ClCompile>
    <ClCompile Include="..\..\src\Engine\Input\Mouse.cpp">
      <Filter>src\Engine\Input</Filter>
    </ClCompile>
    <ClCompile Include="..\..\src\Engine\Modules.cpp">
      <Filter>src\Engine</Filter>
    </ClCompile>
    <ClCompile Include="..\..\src\Engine\Physics\Physics.cpp">
      <Filter>src\Engine\Physics</Filter>
    </ClCompile>
    <ClCompile Include="..\..\src\Engine\Physics\PhysicsComponent.cpp">
      <Filter>src\Engine\Physics</Filter>
    </ClCompile>
    <ClCompile Include="..\..\src\Engine\Render\Camera.cpp">
      <Filter>src\Engine\Render</Filter>
    </ClCompile>
    <ClCompile Include="..\..\src\Engine\Render\DebugDraw.cpp">
      <Filter>src\Engine\Render</Filter>
    </ClCompile>
    <ClCompile Include="..\..\src\Engine\Render\Material.cpp">
      <Filter>src\Engine\Render</Filter>
    </ClCompile>
    <ClCompile Include="..\..\src\Engine\Render\Render.cpp">
      <Filter>src\Engine\Render</Filter>
    </ClCompile>
    <ClCompile Include="..\..\src\Engine\Render\RenderComponent.cpp">
      <Filter>src\Engine\Render</Filter>
    </ClCompile>
    <ClCompile Include="..\..\src\Engine\Render\RenderTarget.cpp">
      <Filter>src\Engine\Render</Filter>
    </ClCompile>
    <ClCompile Include="..\..\src\Engine\Render\View.cpp">
      <Filter>src\Engine\Render</Filter>
    </ClCompile>
    <ClCompile Include="..\..\src\Engine\Resource\Mesh.cpp">
      <Filter>src\Engine\Resource</Filter>
    </ClCompile>
    <ClCompile Include="..\..\src\Engine\Resource\ResourceManager.cpp">
      <Filter>src\Engine\Resource</Filter>
    </ClCompile>
    <ClCompile Include="..\..\src\Engine\Resource\Shader.cpp">
      <Filter>src\Engine\Resource</Filter>
    </ClCompile>
    <ClCompile Include="..\..\src\Engine\Resource\ShaderLoader\FileShaderLoader.cpp">
      <Filter>src\Engine\Resource\ShaderLoader</Filter>
    </ClCompile>
    <ClCompile Include="..\..\src\Engine\Resource\Texture.cpp">
      <Filter>src\Engine\Resource</Filter>
    </ClCompile>
    <ClCompile Include="..\..\src\Engine\Resource\TextureLoader\StbImageLoader.cpp">
      <Filter>src\Engine\Resource\TextureLoader</Filter>
    </ClCompile>
    <ClCompile Include="..\..\src\Engine\Resource\TextureLoader\TgaLoader.cpp">
      <Filter>src\Engine\Resource\TextureLoader</Filter>
    </ClCompile>
    <ClCompile Include="..\..\src\Engine\Scene\QuadTreeLeaf.cpp">
      <Filter>src\Engine\Scene</Filter>
    </ClCompile>
    <ClCompile Include="..\..\src\Engine\Scene\QuadTreeSceneManager.cpp">
      <Filter>src\Engine\Scene</Filter>
    </ClCompile>
    <ClCompile Include="..\..\src\Engine\Script\NativeScriptComponent.cpp">
      <Filter>src\Engine\Script</Filter>
    </ClCompile>
    <ClCompile Include="..\..\src\Engine\Script\ScriptComponent.cpp">
      <Filter>src\Engine\Script</Filter>
    </ClCompile>
    <ClCompile Include="..\..\src\Engine\Script\ScriptSystem.cpp">
      <Filter>src\Engine\Script</Filter>
    </ClCompile>
    <ClCompile Include="..\..\src\Engine\Sound\SoundSystem.cpp">
      <Filter>src\Engine\Sound</Filter>
    </ClCompile>
    <ClCompile Include="..\..\src\Engine\Utils\StrUtils.cpp">
      <Filter>src\Engine\Utils</Filter>
    </ClCompile>
    <ClCompile Include="..\..\src\Engine\Utils\TaskManager.cpp">
      <Filter>src\Engine\Utils</Filter>
    </ClCompile>
    <ClCompile Include="..\..\src\Engine\stdafx.cpp">
      <Filter>src\Engine</Filter>
    </ClCompile>
  </ItemGroup>
</Project>