<?xml version="1.0" encoding="utf-8"?>
<Project ToolsVersion="4.0" xmlns="http://schemas.microsoft.com/developer/msbuild/2003">
  <ItemGroup>
    <Filter Include="Externals">
      <UniqueIdentifier>{7B3ECCEB-E7A8-8062-30E7-31089C905EB7}</UniqueIdentifier>
    </Filter>
    <Filter Include="Externals\lua">
      <UniqueIdentifier>{ACA4885C-1865-0493-E19F-4D104D1F496F}</UniqueIdentifier>
    </Filter>
    <Filter Include="Externals\lua\src">
      <UniqueIdentifier>{C3D87E04-2FEF-7C9A-7866-08BCE4BB4D22}</UniqueIdentifier>
    </Filter>
    <Filter Include="Externals\sol">
      <UniqueIdentifier>{B8C1885C-2482-0493-EDBC-4D10593C496F}</UniqueIdentifier>
    </Filter>
    <Filter Include="Externals\sol\include">
      <UniqueIdentifier>{2B21B8E9-978D-73E4-6081-0B42CCAC954C}</UniqueIdentifier>
    </Filter>
    <Filter Include="Externals\sol\include\sol">
      <UniqueIdentifier>{687C065E-D43E-3AE8-1DEF-C87489F012C6}</UniqueIdentifier>
    </Filter>
    <Filter Include="Externals\sol\include\sol\compatibility">
      <UniqueIdentifier>{1150BE67-7DDF-7F52-86DB-606AF2E9BA5E}</UniqueIdentifier>
    </Filter>
    <Filter Include="src">
      <UniqueIdentifier>{2DAB880B-99B4-887C-2230-9F7C8E38947C}</UniqueIdentifier>
    </Filter>
    <Filter Include="src\API">
      <UniqueIdentifier>{965E2FA9-023E-AE44-0B56-391B77B414A6}</UniqueIdentifier>
    </Filter>
  </ItemGroup>
  <ItemGroup>
    <ClInclude Include="..\..\Externals\lua\src\lapi.h">
      <Filter>Externals\lua\src</Filter>
    </ClInclude>
    <ClInclude Include="..\..\Externals\lua\src\lauxlib.h">
      <Filter>Externals\lua\src</Filter>
    </ClInclude>
    <ClInclude Include="..\..\Externals\lua\src\lcode.h">
      <Filter>Externals\lua\src</Filter>
    </ClInclude>
    <ClInclude Include="..\..\Externals\lua\src\lctype.h">
      <Filter>Externals\lua\src</Filter>
    </ClInclude>
    <ClInclude Include="..\..\Externals\lua\src\ldebug.h">
      <Filter>Externals\lua\src</Filter>
    </ClInclude>
    <ClInclude Include="..\..\Externals\lua\src\ldo.h">
      <Filter>Externals\lua\src</Filter>
    </ClInclude>
    <ClInclude Include="..\..\Externals\lua\src\lfunc.h">
      <Filter>Externals\lua\src</Filter>
    </ClInclude>
    <ClInclude Include="..\..\Externals\lua\src\lgc.h">
      <Filter>Externals\lua\src</Filter>
    </ClInclude>
    <ClInclude Include="..\..\Externals\lua\src\llex.h">
      <Filter>Externals\lua\src</Filter>
    </ClInclude>
    <ClInclude Include="..\..\Externals\lua\src\llimits.h">
      <Filter>Externals\lua\src</Filter>
    </ClInclude>
    <ClInclude Include="..\..\Externals\lua\src\lmem.h">
      <Filter>Externals\lua\src</Filter>
    </ClInclude>
    <ClInclude Include="..\..\Externals\lua\src\lobject.h">
      <Filter>Externals\lua\src</Filter>
    </ClInclude>
    <ClInclude Include="..\..\Externals\lua\src\lopcodes.h">
      <Filter>Externals\lua\src</Filter>
    </ClInclude>
    <ClInclude Include="..\..\Externals\lua\src\lparser.h">
      <Filter>Externals\lua\src</Filter>
    </ClInclude>
    <ClInclude Include="..\..\Externals\lua\src\lprefix.h">
      <Filter>Externals\lua\src</Filter>
    </ClInclude>
    <ClInclude Include="..\..\Externals\lua\src\lstate.h">
      <Filter>Externals\lua\src</Filter>
    </ClInclude>
    <ClInclude Include="..\..\Externals\lua\src\lstring.h">
      <Filter>Externals\lua\src</Filter>
    </ClInclude>
    <ClInclude Include="..\..\Externals\lua\src\ltable.h">
      <Filter>Externals\lua\src</Filter>
    </ClInclude>
    <ClInclude Include="..\..\Externals\lua\src\ltm.h">
      <Filter>Externals\lua\src</Filter>
    </ClInclude>
    <ClInclude Include="..\..\Externals\lua\src\lua.h">
      <Filter>Externals\lua\src</Filter>
    </ClInclude>
    <ClInclude Include="..\..\Externals\lua\src\lua.hpp">
      <Filter>Externals\lua\src</Filter>
    </ClInclude>
    <ClInclude Include="..\..\Externals\lua\src\luaconf.h">
      <Filter>Externals\lua\src</Filter>
    </ClInclude>
    <ClInclude Include="..\..\Externals\lua\src\lualib.h">
      <Filter>Externals\lua\src</Filter>
    </ClInclude>
    <ClInclude Include="..\..\Externals\lua\src\lundump.h">
      <Filter>Externals\lua\src</Filter>
    </ClInclude>
    <ClInclude Include="..\..\Externals\lua\src\lvm.h">
      <Filter>Externals\lua\src</Filter>
    </ClInclude>
    <ClInclude Include="..\..\Externals\lua\src\lzio.h">
      <Filter>Externals\lua\src</Filter>
    </ClInclude>
    <ClInclude Include="..\..\Externals\sol\include\sol\as_args.hpp">
      <Filter>Externals\sol\include\sol</Filter>
    </ClInclude>
    <ClInclude Include="..\..\Externals\sol\include\sol\as_returns.hpp">
      <Filter>Externals\sol\include\sol</Filter>
    </ClInclude>
    <ClInclude Include="..\..\Externals\sol\include\sol\base_traits.hpp">
      <Filter>Externals\sol\include\sol</Filter>
    </ClInclude>
    <ClInclude Include="..\..\Externals\sol\include\sol\bind_traits.hpp">
      <Filter>Externals\sol\include\sol</Filter>
    </ClInclude>
    <ClInclude Include="..\..\Externals\sol\include\sol\bytecode.hpp">
      <Filter>Externals\sol\include\sol</Filter>
    </ClInclude>
    <ClInclude Include="..\..\Externals\sol\include\sol\call.hpp">
      <Filter>Externals\sol\include\sol</Filter>
    </ClInclude>
    <ClInclude Include="..\..\Externals\sol\include\sol\compatibility.hpp">
      <Filter>Externals\sol\include\sol</Filter>
    </ClInclude>
    <ClInclude Include="..\..\Externals\sol\include\sol\compatibility\compat-5.3.c.h">
      <Filter>Externals\sol\include\sol\compatibility</Filter>
    </ClInclude>
    <ClInclude Include="..\..\Externals\sol\include\sol\compatibility\compat-5.3.h">
      <Filter>Externals\sol\include\sol\compatibility</Filter>
    </ClInclude>
    <ClInclude Include="..\..\Externals\sol\include\sol\compatibility\compat-5.4.h">
      <Filter>Externals\sol\include\sol\compatibility</Filter>
    </ClInclude>
    <ClInclude Include="..\..\Externals\sol\include\sol\compatibility\version.hpp">
      <Filter>Externals\sol\include\sol\compatibility</Filter>
    </ClInclude>
    <ClInclude Include="..\..\Externals\sol\include\sol\config.hpp">
      <Filter>Externals\sol\include\sol</Filter>
    </ClInclude>
    <ClInclude Include="..\..\Externals\sol\include\sol\config_setup.hpp">
      <Filter>Externals\sol\include\sol</Filter>
    </ClInclude>
    <ClInclude Include="..\..\Externals\sol\include\sol\coroutine.hpp">
      <Filter>Externals\sol\include\sol</Filter>
    </ClInclude>
    <ClInclude Include="..\..\Externals\sol\include\sol\debug.hpp">
      <Filter>Externals\sol\include\sol</Filter>
    </ClInclude>
    <ClInclude Include="..\..\Externals\sol\include\sol\demangle.hpp">
      <Filter>Externals\sol\include\sol</Filter>
    </ClInclude>
    <ClInclude Include="..\..\Externals\sol\include\sol\deprecate.hpp">
      <Filter>Externals\sol\include\sol</Filter>
    </ClInclude>
    <ClInclude Include="..\..\Externals\sol\include\sol\dump_handler.hpp">
      <Filter>Externals\sol\include\sol</Filter>
    </ClInclude>
    <ClInclude Include="..\..\Externals\sol\include\sol\ebco.hpp">
      <Filter>Externals\sol\include\sol</Filter>
    </ClInclude>
    <ClInclude Include="..\..\Externals\sol\include\sol\environment.hpp">
      <Filter>Externals\sol\include\sol</Filter>
    </ClInclude>
    <ClInclude Include="..\..\Externals\sol\include\sol\error.hpp">
      <Filter>Externals\sol\include\sol</Filter>
    </ClInclude>
    <ClInclude Include="..\..\Externals\sol\include\sol\error_handler.hpp">
      <Filter>Externals\sol\include\sol</Filter>
    </ClInclude>
    <ClInclude Include="..\..\Externals\sol\include\sol\feature_test.hpp">
      <Filter>Externals\sol\include\sol</Filter>
    </ClInclude>
    <ClInclude Include="..\..\Externals\sol\include\sol\forward.hpp">
      <Filter>Externals\sol\include\sol</Filter>
    </ClInclude>
    <ClInclude Include="..\..\Externals\sol\include\sol\forward_detail.hpp">
      <Filter>Externals\sol\include\sol</Filter>
    </ClInclude>
    <ClInclude Include="..\..\Externals\sol\include\sol\function.hpp">
      <Filter>Externals\sol\include\sol</Filter>
    </ClInclude>
    <ClInclude Include="..\..\Externals\sol\include\sol\function_result.hpp">
      <Filter>Externals\sol\include\sol</Filter>
    </ClInclude>
    <ClInclude Include="..\..\Externals\sol\include\sol\function_types.hpp">
      <Filter>Externals\sol\include\sol</Filter>
    </ClInclude>
    <ClInclude Include="..\..\Externals\sol\include\sol\function_types_core.hpp">
      <Filter>Externals\sol\include\sol</Filter>
    </ClInclude>
    <ClInclude Include="..\..\Externals\sol\include\sol\function_types_overloaded.hpp">
      <Filter>Externals\sol\include\sol</Filter>
    </ClInclude>
    <ClInclude Include="..\..\Externals\sol\include\sol\function_types_stateful.hpp">
      <Filter>Externals\sol\include\sol</Filter>
    </ClInclude>
    <ClInclude Include="..\..\Externals\sol\include\sol\function_types_stateless.hpp">
      <Filter>Externals\sol\include\sol</Filter>
    </ClInclude>
    <ClInclude Include="..\..\Externals\sol\include\sol\function_types_templated.hpp">
      <Filter>Externals\sol\include\sol</Filter>
    </ClInclude>
    <ClInclude Include="..\..\Externals\sol\include\sol\in_place.hpp">
      <Filter>Externals\sol\include\sol</Filter>
    </ClInclude>
    <ClInclude Include="..\..\Externals\sol\include\sol\inheritance.hpp">
      <Filter>Externals\sol\include\sol</Filter>
    </ClInclude>
    <ClInclude Include="..\..\Externals\sol\include\sol\load_result.hpp">
      <Filter>Externals\sol\include\sol</Filter>
    </ClInclude>
    <ClInclude Include="..\..\Externals\sol\include\sol\lua_table.hpp">
      <Filter>Externals\sol\include\sol</Filter>
    </ClInclude>
    <ClInclude Include="..\..\Externals\sol\include\sol\lua_value.hpp">
      <Filter>Externals\sol\include\sol</Filter>
    </ClInclude>
    <ClInclude Include="..\..\Externals\sol\include\sol\make_reference.hpp">
      <Filter>Externals\sol\include\sol</Filter>
    </ClInclude>
    <ClInclude Include="..\..\Externals\sol\include\sol\map.hpp">
      <Filter>Externals\sol\include\sol</Filter>
    </ClInclude>
    <ClInclude Include="..\..\Externals\sol\include\sol\metatable.hpp">
      <Filter>Externals\sol\include\sol</Filter>
    </ClInclude>
    <ClInclude Include="..\..\Externals\sol\include\sol\object.hpp">
      <Filter>Externals\sol\include\sol</Filter>
    </ClInclude>
    <ClInclude Include="..\..\Externals\sol\include\sol\object_base.hpp">
      <Filter>Externals\sol\include\sol</Filter>
    </ClInclude>
    <ClInclude Include="..\..\Externals\sol\include\sol\optional.hpp">
      <Filter>Externals\sol\include\sol</Filter>
    </ClInclude>
    <ClInclude Include="..\..\Externals\sol\include\sol\optional_implementation.hpp">
      <Filter>Externals\sol\include\sol</Filter>
    </ClInclude>
    <ClInclude Include="..\..\Externals\sol\include\sol\overload.hpp">
      <Filter>Externals\sol\include\sol</Filter>
    </ClInclude>
    <ClInclude Include="..\..\Externals\sol\include\sol\pointer_like.hpp">
      <Filter>Externals\sol\include\sol</Filter>
    </ClInclude>
    <ClInclude Include="..\..\Externals\sol\include\sol\policies.hpp">
      <Filter>Externals\sol\include\sol</Filter>
    </ClInclude>
    <ClInclude Include="..\..\Externals\sol\include\sol\property.hpp">
      <Filter>Externals\sol\include\sol</Filter>
    </ClInclude>
    <ClInclude Include="..\..\Externals\sol\include\sol\protect.hpp">
      <Filter>Externals\sol\include\sol</Filter>
    </ClInclude>
    <ClInclude Include="..\..\Externals\sol\include\sol\protected_function.hpp">
      <Filter>Externals\sol\include\sol</Filter>
    </ClInclude>
    <ClInclude Include="..\..\Externals\sol\include\sol\protected_function_result.hpp">
      <Filter>Externals\sol\include\sol</Filter>
    </ClInclude>
    <ClInclude Include="..\..\Externals\sol\include\sol\protected_handler.hpp">
      <Filter>Externals\sol\include\sol</Filter>
    </ClInclude>
    <ClInclude Include="..\..\Externals\sol\include\sol\proxy_base.hpp">
      <Filter>Externals\sol\include\sol</Filter>
    </ClInclude>
    <ClInclude Include="..\..\Externals\sol\include\sol\raii.hpp">
      <Filter>Externals\sol\include\sol</Filter>
    </ClInclude>
    <ClInclude Include="..\..\Externals\sol\include\sol\reference.hpp">
      <Filter>Externals\sol\include\sol</Filter>
    </ClInclude>
    <ClInclude Include="..\..\Externals\sol\include\sol\resolve.hpp">
      <Filter>Externals\sol\include\sol</Filter>
    </ClInclude>
    <ClInclude Include="..\..\Externals\sol\include\sol\sol.hpp">
      <Filter>Externals\sol\include\sol</Filter>
    </ClInclude>
    <ClInclude Include="..\..\Externals\sol\include\sol\stack.hpp">
      <Filter>Externals\sol\include\sol</Filter>
    </ClInclude>
    <ClInclude Include="..\..\Externals\sol\include\sol\stack_check.hpp">
      <Filter>Externals\sol\include\sol</Filter>
    </ClInclude>
    <ClInclude Include="..\..\Externals\sol\include\sol\stack_check_get.hpp">
      <Filter>Externals\sol\include\sol</Filter>
    </ClInclude>
    <ClInclude Include="..\..\Externals\sol\include\sol\stack_check_get_qualified.hpp">
      <Filter>Externals\sol\include\sol</Filter>
    </ClInclude>
    <ClInclude Include="..\..\Externals\sol\include\sol\stack_check_get_unqualified.hpp">
      <Filter>Externals\sol\include\sol</Filter>
    </ClInclude>
    <ClInclude Include="..\..\Externals\sol\include\sol\stack_check_qualified.hpp">
      <Filter>Externals\sol\include\sol</Filter>
    </ClInclude>
    <ClInclude Include="..\..\Externals\sol\include\sol\stack_check_unqualified.hpp">
      <Filter>Externals\sol\include\sol</Filter>
    </ClInclude>
    <ClInclude Include="..\..\Externals\sol\include\sol\stack_core.hpp">
      <Filter>Externals\sol\include\sol</Filter>
    </ClInclude>
    <ClInclude Include="..\..\Externals\sol\include\sol\stack_field.hpp">
      <Filter>Externals\sol\include\sol</Filter>
    </ClInclude>
    <ClInclude Include="..\..\Externals\sol\include\sol\stack_get.hpp">
      <Filter>Externals\sol\include\sol</Filter>
    </ClInclude>
    <ClInclude Include="..\..\Externals\sol\include\sol\stack_get_qualified.hpp">
      <Filter>Externals\sol\include\sol</Filter>
    </ClInclude>
    <ClInclude Include="..\..\Externals\sol\include\sol\stack_get_unqualified.hpp">
      <Filter>Externals\sol\include\sol</Filter>
    </ClInclude>
    <ClInclude Include="..\..\Externals\sol\include\sol\stack_guard.hpp">
      <Filter>Externals\sol\include\sol</Filter>
    </ClInclude>
    <ClInclude Include="..\..\Externals\sol\include\sol\stack_iterator.hpp">
      <Filter>Externals\sol\include\sol</Filter>
    </ClInclude>
    <ClInclude Include="..\..\Externals\sol\include\sol\stack_pop.hpp">
      <Filter>Externals\sol\include\sol</Filter>
    </ClInclude>
    <ClInclude Include="..\..\Externals\sol\include\sol\stack_probe.hpp">
      <Filter>Externals\sol\include\sol</Filter>
    </ClInclude>
    <ClInclude Include="..\..\Externals\sol\include\sol\stack_proxy.hpp">
      <Filter>Externals\sol\include\sol</Filter>
    </ClInclude>
    <ClInclude Include="..\..\Externals\sol\include\sol\stack_proxy_base.hpp">
      <Filter>Externals\sol\include\sol</Filter>
    </ClInclude>
    <ClInclude Include="..\..\Externals\sol\include\sol\stack_push.hpp">
      <Filter>Externals\sol\include\sol</Filter>
    </ClInclude>
    <ClInclude Include="..\..\Externals\sol\include\sol\stack_reference.hpp">
      <Filter>Externals\sol\include\sol</Filter>
    </ClInclude>
    <ClInclude Include="..\..\Externals\sol\include\sol\state.hpp">
      <Filter>Externals\sol\include\sol</Filter>
    </ClInclude>
    <ClInclude Include="..\..\Externals\sol\include\sol\state_handling.hpp">
      <Filter>Externals\sol\include\sol</Filter>
    </ClInclude>
    <ClInclude Include="..\..\Externals\sol\include\sol\state_view.hpp">
      <Filter>Externals\sol\include\sol</Filter>
    </ClInclude>
    <ClInclude Include="..\..\Externals\sol\include\sol\string_view.hpp">
      <Filter>Externals\sol\include\sol</Filter>
    </ClInclude>
    <ClInclude Include="..\..\Externals\sol\include\sol\table.hpp">
      <Filter>Externals\sol\include\sol</Filter>
    </ClInclude>
    <ClInclude Include="..\..\Externals\sol\include\sol\table_core.hpp">
      <Filter>Externals\sol\include\sol</Filter>
    </ClInclude>
    <ClInclude Include="..\..\Externals\sol\include\sol\table_iterator.hpp">
      <Filter>Externals\sol\include\sol</Filter>
    </ClInclude>
    <ClInclude Include="..\..\Externals\sol\include\sol\table_proxy.hpp">
      <Filter>Externals\sol\include\sol</Filter>
    </ClInclude>
    <ClInclude Include="..\..\Externals\sol\include\sol\thread.hpp">
      <Filter>Externals\sol\include\sol</Filter>
    </ClInclude>
    <ClInclude Include="..\..\Externals\sol\include\sol\tie.hpp">
      <Filter>Externals\sol\include\sol</Filter>
    </ClInclude>
    <ClInclude Include="..\..\Externals\sol\include\sol\traits.hpp">
      <Filter>Externals\sol\include\sol</Filter>
    </ClInclude>
    <ClInclude Include="..\..\Externals\sol\include\sol\trampoline.hpp">
      <Filter>Externals\sol\include\sol</Filter>
    </ClInclude>
    <ClInclude Include="..\..\Externals\sol\include\sol\tuple.hpp">
      <Filter>Externals\sol\include\sol</Filter>
    </ClInclude>
    <ClInclude Include="..\..\Externals\sol\include\sol\types.hpp">
      <Filter>Externals\sol\include\sol</Filter>
    </ClInclude>
    <ClInclude Include="..\..\Externals\sol\include\sol\unicode.hpp">
      <Filter>Externals\sol\include\sol</Filter>
    </ClInclude>
    <ClInclude Include="..\..\Externals\sol\include\sol\unique_usertype_traits.hpp">
      <Filter>Externals\sol\include\sol</Filter>
    </ClInclude>
    <ClInclude Include="..\..\Externals\sol\include\sol\unsafe_function.hpp">
      <Filter>Externals\sol\include\sol</Filter>
    </ClInclude>
    <ClInclude Include="..\..\Externals\sol\include\sol\unsafe_function_result.hpp">
      <Filter>Externals\sol\include\sol</Filter>
    </ClInclude>
    <ClInclude Include="..\..\Externals\sol\include\sol\userdata.hpp">
      <Filter>Externals\sol\include\sol</Filter>
    </ClInclude>
    <ClInclude Include="..\..\Externals\sol\include\sol\usertype.hpp">
      <Filter>Externals\sol\include\sol</Filter>
    </ClInclude>
    <ClInclude Include="..\..\Externals\sol\include\sol\usertype_container.hpp">
      <Filter>Externals\sol\include\sol</Filter>
    </ClInclude>
    <ClInclude Include="..\..\Externals\sol\include\sol\usertype_container_launch.hpp">
      <Filter>Externals\sol\include\sol</Filter>
    </ClInclude>
    <ClInclude Include="..\..\Externals\sol\include\sol\usertype_core.hpp">
      <Filter>Externals\sol\include\sol</Filter>
    </ClInclude>
    <ClInclude Include="..\..\Externals\sol\include\sol\usertype_proxy.hpp">
      <Filter>Externals\sol\include\sol</Filter>
    </ClInclude>
    <ClInclude Include="..\..\Externals\sol\include\sol\usertype_storage.hpp">
      <Filter>Externals\sol\include\sol</Filter>
    </ClInclude>
    <ClInclude Include="..\..\Externals\sol\include\sol\usertype_traits.hpp">
      <Filter>Externals\sol\include\sol</Filter>
    </ClInclude>
    <ClInclude Include="..\..\Externals\sol\include\sol\variadic_args.hpp">
      <Filter>Externals\sol\include\sol</Filter>
    </ClInclude>
    <ClInclude Include="..\..\Externals\sol\include\sol\variadic_results.hpp">
      <Filter>Externals\sol\include\sol</Filter>
    </ClInclude>
    <ClInclude Include="..\..\Externals\sol\include\sol\wrapper.hpp">
      <Filter>Externals\sol\include\sol</Filter>
    </ClInclude>
    <ClInclude Include="..\..\src\API\LuaScriptAPI.h">
      <Filter>src\API</Filter>
    </ClInclude>
    <ClInclude Include="..\..\src\LuaScriptComponent.h">
      <Filter>src</Filter>
    </ClInclude>
    <ClInclude Include="..\..\src\LuaScriptSystem.h">
      <Filter>src</Filter>
    </ClInclude>
  </ItemGroup>
  <ItemGroup>
    <ClCompile Include="..\..\Externals\lua\src\lapi.c">
      <Filter>Externals\lua\src</Filter>
    </ClCompile>
    <ClCompile Include="..\..\Externals\lua\src\lauxlib.c">
      <Filter>Externals\lua\src</Filter>
    </ClCompile>
    <ClCompile Include="..\..\Externals\lua\src\lbaselib.c">
      <Filter>Externals\lua\src</Filter>
    </ClCompile>
    <ClCompile Include="..\..\Externals\lua\src\lcode.c">
      <Filter>Externals\lua\src</Filter>
    </ClCompile>
    <ClCompile Include="..\..\Externals\lua\src\lcorolib.c">
      <Filter>Externals\lua\src</Filter>
    </ClCompile>
    <ClCompile Include="..\..\Externals\lua\src\lctype.c">
      <Filter>Externals\lua\src</Filter>
    </ClCompile>
    <ClCompile Include="..\..\Externals\lua\src\ldblib.c">
      <Filter>Externals\lua\src</Filter>
    </ClCompile>
    <ClCompile Include="..\..\Externals\lua\src\ldebug.c">
      <Filter>Externals\lua\src</Filter>
    </ClCompile>
    <ClCompile Include="..\..\Externals\lua\src\ldo.c">
      <Filter>Externals\lua\src</Filter>
    </ClCompile>
    <ClCompile Include="..\..\Externals\lua\src\ldump.c">
      <Filter>Externals\lua\src</Filter>
    </ClCompile>
    <ClCompile Include="..\..\Externals\lua\src\lfunc.c">
      <Filter>Externals\lua\src</Filter>
    </ClCompile>
    <ClCompile Include="..\..\Externals\lua\src\lgc.c">
      <Filter>Externals\lua\src</Filter>
    </ClCompile>
    <ClCompile Include="..\..\Externals\lua\src\llex.c">
      <Filter>Externals\lua\src</Filter>
    </ClCompile>
    <ClCompile Include="..\..\Externals\lua\src\lmathlib.c">
      <Filter>Externals\lua\src</Filter>
    </ClCompile>
    <ClCompile Include="..\..\Externals\lua\src\lmem.c">
      <Filter>Externals\lua\src</Filter>
    </ClCompile>
    <ClCompile Include="..\..\Externals\lua\src\lobject.c">
      <Filter>Externals\lua\src</Filter>
    </ClCompile>
    <ClCompile Include="..\..\Externals\lua\src\lopcodes.c">
      <Filter>Externals\lua\src</Filter>
    </ClCompile>
    <ClCompile Include="..\..\Externals\lua\src\lparser.c">
      <Filter>Externals\lua\src</Filter>
    </ClCompile>
    <ClCompile Include="..\..\Externals\lua\src\lstate.c">
      <Filter>Externals\lua\src</Filter>
    </ClCompile>
    <ClCompile Include="..\..\Externals\lua\src\lstring.c">
      <Filter>Externals\lua\src</Filter>
    </ClCompile>
    <ClCompile Include="..\..\Externals\lua\src\lstrlib.c">
      <Filter>Externals\lua\src</Filter>
    </ClCompile>
    <ClCompile Include="..\..\Externals\lua\src\ltable.c">
      <Filter>Externals\lua\src</Filter>
    </ClCompile>
    <ClCompile Include="..\..\Externals\lua\src\ltablib.c">
      <Filter>Externals\lua\src</Filter>
    </ClCompile>
    <ClCompile Include="..\..\Externals\lua\src\ltm.c">
      <Filter>Externals\lua\src</Filter>
    </ClCompile>
    <ClCompile Include="..\..\Externals\lua\src\lundump.c">
      <Filter>Externals\lua\src</Filter>
    </ClCompile>
    <ClCompile Include="..\..\Externals\lua\src\lutf8lib.c">
      <Filter>Externals\lua\src</Filter>
    </ClCompile>
    <ClCompile Include="..\..\Externals\lua\src\lvm.c">
      <Filter>Externals\lua\src</Filter>
    </ClCompile>
    <ClCompile Include="..\..\Externals\lua\src\lzio.c">
      <Filter>Externals\lua\src</Filter>
    </ClCompile>
    <ClCompile Include="..\..\src\API\CoreAPI_Lua.cpp">
      <Filter>src\API</Filter>
    </ClCompile>
    <ClCompile Include="..\..\src\API\InputAPI_Lua.cpp">
      <Filter>src\API</Filter>
    </ClCompile>
    <ClCompile Include="..\..\src\API\NetworkAPI_Lua.cpp">
      <Filter>src\API</Filter>
    </ClCompile>
    <ClCompile Include="..\..\src\API\PhysicsAPI_Lua.cpp">
      <Filter>src\API</Filter>
    </ClCompile>
    <ClCompile Include="..\..\src\API\RenderAPI_Lua.cpp">
      <Filter>src\API</Filter>
    </ClCompile>
    <ClCompile Include="..\..\src\API\SceneAPI_Lua.cpp">
      <Filter>src\API</Filter>
    </ClCompile>
    <ClCompile Include="..\..\src\API\SoundAPI_Lua.cpp">
      <Filter>src\API</Filter>
    </ClCompile>
    <ClCompile Include="..\..\src\LuaScriptComponent.cpp">
      <Filter>src</Filter>
    </ClCompile>
    <ClCompile Include="..\..\src\LuaScriptSystem.cpp">
      <Filter>src</Filter>
    </ClCompile>
  </ItemGroup>
</Project>