<?xml version="1.0" encoding="utf-8"?>
<Project ToolsVersion="4.0" xmlns="http://schemas.microsoft.com/developer/msbuild/2003">
  <ItemGroup>
    <Filter Include="Externals">
      <UniqueIdentifier>{7B3ECCEB-E7A8-8062-30E7-31089C905EB7}</UniqueIdentifier>
    </Filter>
    <Filter Include="Externals\zlib-ng">
      <UniqueIdentifier>{BD4EDB25-2965-D9BB-72DC-64DDDE31AA43}</UniqueIdentifier>
    </Filter>
    <Filter Include="Externals\zlib-ng\arch">
      <UniqueIdentifier>{6AAF84B5-56A9-AD07-3F16-44182BAF1374}</UniqueIdentifier>
    </Filter>
    <Filter Include="Externals\zlib-ng\arch\x86">
      <UniqueIdentifier>{1F20DE3D-0B30-8A0E-74E9-EE2C601879A7}</UniqueIdentifier>
    </Filter>
    <Filter Include="include">
      <UniqueIdentifier>{89AF369E-F58E-B539-FEA6-40106A051C9B}</UniqueIdentifier>
    </Filter>
    <Filter Include="src">
      <UniqueIdentifier>{2DAB880B-99B4-887C-2230-9F7C8E38947C}</UniqueIdentifier>
    </Filter>
  </ItemGroup>
  <ItemGroup>
    <ClInclude Include="..\..\Externals\zlib-ng\arch\x86\crc_folding.h">
      <Filter>Externals\zlib-ng\arch\x86</Filter>
    </ClInclude>
    <ClInclude Include="..\..\Externals\zlib-ng\arch\x86\ctzl.h">
      <Filter>Externals\zlib-ng\arch\x86</Filter>
    </ClInclude>
    <ClInclude Include="..\..\Externals\zlib-ng\arch\x86\x86.h">
      <Filter>Externals\zlib-ng\arch\x86</Filter>
    </ClInclude>
    <ClInclude Include="..\..\Externals\zlib-ng\crc32.h">
      <Filter>Externals\zlib-ng</Filter>
    </ClInclude>
    <ClInclude Include="..\..\Externals\zlib-ng\deflate.h">
      <Filter>Externals\zlib-ng</Filter>
    </ClInclude>
    <ClInclude Include="..\..\Externals\zlib-ng\deflate_p.h">
      <Filter>Externals\zlib-ng</Filter>
    </ClInclude>
    <ClInclude Include="..\..\Externals\zlib-ng\functable.h">
      <Filter>Externals\zlib-ng</Filter>
    </ClInclude>
    <ClInclude Include="..\..\Externals\zlib-ng\inffast.h">
      <Filter>Externals\zlib-ng</Filter>
    </ClInclude>
    <ClInclude Include="..\..\Externals\zlib-ng\inffixed.h">
      <Filter>Externals\zlib-ng</Filter>
    </ClInclude>
    <ClInclude Include="..\..\Externals\zlib-ng\inflate.h">
      <Filter>Externals\zlib-ng</Filter>
    </ClInclude>
    <ClInclude Include="..\..\Externals\zlib-ng\inftrees.h">
      <Filter>Externals\zlib-ng</Filter>
    </ClInclude>
    <ClInclude Include="..\..\Externals\zlib-ng\match_p.h">
      <Filter>Externals\zlib-ng</Filter>
    </ClInclude>
    <ClInclude Include="..\..\Externals\zlib-ng\memcopy.h">
      <Filter>Externals\zlib-ng</Filter>
    </ClInclude>
    <ClInclude Include="..\..\Externals\zlib-ng\trees.h">
      <Filter>Externals\zlib-ng</Filter>
    </ClInclude>
    <ClInclude Include="..\..\Externals\zlib-ng\zbuild.h">
      <Filter>Externals\zlib-ng</Filter>
    </ClInclude>
    <ClInclude Include="..\..\Externals\zlib-ng\zlib-ng.h">
      <Filter>Externals\zlib-ng</Filter>
    </ClInclude>
    <ClInclude Include="..\..\Externals\zlib-ng\zlib.h">
      <Filter>Externals\zlib-ng</Filter>
    </ClInclude>
    <ClInclude Include="..\..\Externals\zlib-ng\zutil.h">
      <Filter>Externals\zlib-ng</Filter>
    </ClInclude>
    <ClInclude Include="..\..\include\zconf-ng.h">
      <Filter>include</Filter>
    </ClInclude>
    <ClInclude Include="..\..\include\zconf.h">
      <Filter>include</Filter>
    </ClInclude>
    <ClInclude Include="..\..\src\GZipCompression.h">
      <Filter>src</Filter>
    </ClInclude>
    <ClInclude Include="..\..\src\RawDeflateCompression.h">
      <Filter>src</Filter>
    </ClInclude>
    <ClInclude Include="..\..\src\ZlibCompression.h">
      <Filter>src</Filter>
    </ClInclude>
    <ClInclude Include="..\..\src\ZlibNgCompressionBase.h">
      <Filter>src</Filter>
    </ClInclude>
  </ItemGroup>
  <ItemGroup>
    <ClCompile Include="..\..\Externals\zlib-ng\adler32.c">
      <Filter>Externals\zlib-ng</Filter>
    </ClCompile>
    <ClCompile Include="..\..\Externals\zlib-ng\arch\x86\crc_folding.c">
      <Filter>Externals\zlib-ng\arch\x86</Filter>
    </ClCompile>
    <ClCompile Include="..\..\Externals\zlib-ng\arch\x86\deflate_quick.c">
      <Filter>Externals\zlib-ng\arch\x86</Filter>
    </ClCompile>
    <ClCompile Include="..\..\Externals\zlib-ng\arch\x86\fill_window_sse.c">
      <Filter>Externals\zlib-ng\arch\x86</Filter>
    </ClCompile>
    <ClCompile Include="..\..\Externals\zlib-ng\arch\x86\insert_string_sse.c">
      <Filter>Externals\zlib-ng\arch\x86</Filter>
    </ClCompile>
    <ClCompile Include="..\..\Externals\zlib-ng\arch\x86\x86.c">
      <Filter>Externals\zlib-ng\arch\x86</Filter>
    </ClCompile>
    <ClCompile Include="..\..\Externals\zlib-ng\compress.c">
      <Filter>Externals\zlib-ng</Filter>
    </ClCompile>
    <ClCompile Include="..\..\Externals\zlib-ng\crc32.c">
      <Filter>Externals\zlib-ng</Filter>
    </ClCompile>
    <ClCompile Include="..\..\Externals\zlib-ng\deflate.c">
      <Filter>Externals\zlib-ng</Filter>
    </ClCompile>
    <ClCompile Include="..\..\Externals\zlib-ng\deflate_fast.c">
      <Filter>Externals\zlib-ng</Filter>
    </ClCompile>
    <ClCompile Include="..\..\Externals\zlib-ng\deflate_medium.c">
      <Filter>Externals\zlib-ng</Filter>
    </ClCompile>
    <ClCompile Include="..\..\Externals\zlib-ng\deflate_slow.c">
      <Filter>Externals\zlib-ng</Filter>
    </ClCompile>
    <ClCompile Include="..\..\Externals\zlib-ng\functable.c">
      <Filter>Externals\zlib-ng</Filter>
    </ClCompile>
    <ClCompile Include="..\..\Externals\zlib-ng\infback.c">
      <Filter>Externals\zlib-ng</Filter>
    </ClCompile>
    <ClCompile Include="..\..\Externals\zlib-ng\inffast.c">
      <Filter>Externals\zlib-ng</Filter>
    </ClCompile>
    <ClCompile Include="..\..\Externals\zlib-ng\inflate.c">
      <Filter>Externals\zlib-ng</Filter>
    </ClCompile>
    <ClCompile Include="..\..\Externals\zlib-ng\inftrees.c">
      <Filter>Externals\zlib-ng</Filter>
    </ClCompile>
    <ClCompile Include="..\..\Externals\zlib-ng\trees.c">
      <Filter>Externals\zlib-ng</Filter>
    </ClCompile>
    <ClCompile Include="..\..\Externals\zlib-ng\uncompr.c">
      <Filter>Externals\zlib-ng</Filter>
    </ClCompile>
    <ClCompile Include="..\..\Externals\zlib-ng\zutil.c">
      <Filter>Externals\zlib-ng</Filter>
    </ClCompile>
    <ClCompile Include="..\..\src\GZipCompression.cpp">
      <Filter>src</Filter>
    </ClCompile>
    <ClCompile Include="..\..\src\RawDeflateCompression.cpp">
      <Filter>src</Filter>
    </ClCompile>
    <ClCompile Include="..\..\src\ZlibCompression.cpp">
      <Filter>src</Filter>
    </ClCompile>
    <ClCompile Include="..\..\src\ZlibNgCompressionBase.cpp">
      <Filter>src</Filter>
    </ClCompile>
  </ItemGroup>
</Project>